// !$*UTF8*$!
{
	archiveVersion = 1;
	classes = {
	};
	objectVersion = 46;
	objects = {

/* Begin PBXBuildFile section */
		D3415AF91F1B310900B9D4E7 /* AppDelegate.swift in Sources */ = {isa = PBXBuildFile; fileRef = D3415AF81F1B310900B9D4E7 /* AppDelegate.swift */; };
		D3415AFB1F1B310900B9D4E7 /* ViewController.swift in Sources */ = {isa = PBXBuildFile; fileRef = D3415AFA1F1B310900B9D4E7 /* ViewController.swift */; };
		D3415AFE1F1B310900B9D4E7 /* Main.storyboard in Resources */ = {isa = PBXBuildFile; fileRef = D3415AFC1F1B310900B9D4E7 /* Main.storyboard */; };
		D3415B001F1B310900B9D4E7 /* Assets.xcassets in Resources */ = {isa = PBXBuildFile; fileRef = D3415AFF1F1B310900B9D4E7 /* Assets.xcassets */; };
		D3415B031F1B310900B9D4E7 /* LaunchScreen.storyboard in Resources */ = {isa = PBXBuildFile; fileRef = D3415B011F1B310900B9D4E7 /* LaunchScreen.storyboard */; };
		D3415B0E1F1B310900B9D4E7 /* FinderThingyTests.swift in Sources */ = {isa = PBXBuildFile; fileRef = D3415B0D1F1B310900B9D4E7 /* FinderThingyTests.swift */; };
		D3415B191F1B310900B9D4E7 /* FinderThingyUITests.swift in Sources */ = {isa = PBXBuildFile; fileRef = D3415B181F1B310900B9D4E7 /* FinderThingyUITests.swift */; };
		D8B60884F0EEDDD670641373 /* Pods_FinderThingyTests.framework in Frameworks */ = {isa = PBXBuildFile; fileRef = E7EE8B29D9845930D644052D /* Pods_FinderThingyTests.framework */; };
		EBD1F650F438C7056263E4EA /* Pods_FinderThingyUITests.framework in Frameworks */ = {isa = PBXBuildFile; fileRef = D7F596EDFBEF0479762EF975 /* Pods_FinderThingyUITests.framework */; };
		ED8B1EDBDCF77CFDDEC46E02 /* Pods_FinderThingy.framework in Frameworks */ = {isa = PBXBuildFile; fileRef = EA58D4F2CB71E96EE1B4EB3D /* Pods_FinderThingy.framework */; };
/* End PBXBuildFile section */

/* Begin PBXContainerItemProxy section */
		D3415B0A1F1B310900B9D4E7 /* PBXContainerItemProxy */ = {
			isa = PBXContainerItemProxy;
			containerPortal = D3415AED1F1B310900B9D4E7 /* Project object */;
			proxyType = 1;
			remoteGlobalIDString = D3415AF41F1B310900B9D4E7;
			remoteInfo = FinderThingy;
		};
		D3415B151F1B310900B9D4E7 /* PBXContainerItemProxy */ = {
			isa = PBXContainerItemProxy;
			containerPortal = D3415AED1F1B310900B9D4E7 /* Project object */;
			proxyType = 1;
			remoteGlobalIDString = D3415AF41F1B310900B9D4E7;
			remoteInfo = FinderThingy;
		};
/* End PBXContainerItemProxy section */

/* Begin PBXFileReference section */
		15B2A9AF749DA7E25A00F45A /* Pods-FinderThingyTests.debug.xcconfig */ = {isa = PBXFileReference; includeInIndex = 1; lastKnownFileType = text.xcconfig; name = "Pods-FinderThingyTests.debug.xcconfig"; path = "Pods/Target Support Files/Pods-FinderThingyTests/Pods-FinderThingyTests.debug.xcconfig"; sourceTree = "<group>"; };
		3577E8756ECE122574221549 /* Pods-FinderThingyTests.release.xcconfig */ = {isa = PBXFileReference; includeInIndex = 1; lastKnownFileType = text.xcconfig; name = "Pods-FinderThingyTests.release.xcconfig"; path = "Pods/Target Support Files/Pods-FinderThingyTests/Pods-FinderThingyTests.release.xcconfig"; sourceTree = "<group>"; };
		75893072FFD2A27B8FADA604 /* Pods-FinderThingy.debug.xcconfig */ = {isa = PBXFileReference; includeInIndex = 1; lastKnownFileType = text.xcconfig; name = "Pods-FinderThingy.debug.xcconfig"; path = "Pods/Target Support Files/Pods-FinderThingy/Pods-FinderThingy.debug.xcconfig"; sourceTree = "<group>"; };
		BDB288F84F72308FEC2904B1 /* Pods-FinderThingyUITests.debug.xcconfig */ = {isa = PBXFileReference; includeInIndex = 1; lastKnownFileType = text.xcconfig; name = "Pods-FinderThingyUITests.debug.xcconfig"; path = "Pods/Target Support Files/Pods-FinderThingyUITests/Pods-FinderThingyUITests.debug.xcconfig"; sourceTree = "<group>"; };
		D3415AF51F1B310900B9D4E7 /* FinderThingy.app */ = {isa = PBXFileReference; explicitFileType = wrapper.application; includeInIndex = 0; path = FinderThingy.app; sourceTree = BUILT_PRODUCTS_DIR; };
		D3415AF81F1B310900B9D4E7 /* AppDelegate.swift */ = {isa = PBXFileReference; lastKnownFileType = sourcecode.swift; path = AppDelegate.swift; sourceTree = "<group>"; };
		D3415AFA1F1B310900B9D4E7 /* ViewController.swift */ = {isa = PBXFileReference; lastKnownFileType = sourcecode.swift; path = ViewController.swift; sourceTree = "<group>"; };
		D3415AFD1F1B310900B9D4E7 /* Base */ = {isa = PBXFileReference; lastKnownFileType = file.storyboard; name = Base; path = Base.lproj/Main.storyboard; sourceTree = "<group>"; };
		D3415AFF1F1B310900B9D4E7 /* Assets.xcassets */ = {isa = PBXFileReference; lastKnownFileType = folder.assetcatalog; path = Assets.xcassets; sourceTree = "<group>"; };
		D3415B021F1B310900B9D4E7 /* Base */ = {isa = PBXFileReference; lastKnownFileType = file.storyboard; name = Base; path = Base.lproj/LaunchScreen.storyboard; sourceTree = "<group>"; };
		D3415B041F1B310900B9D4E7 /* Info.plist */ = {isa = PBXFileReference; lastKnownFileType = text.plist.xml; path = Info.plist; sourceTree = "<group>"; };
		D3415B091F1B310900B9D4E7 /* FinderThingyTests.xctest */ = {isa = PBXFileReference; explicitFileType = wrapper.cfbundle; includeInIndex = 0; path = FinderThingyTests.xctest; sourceTree = BUILT_PRODUCTS_DIR; };
		D3415B0D1F1B310900B9D4E7 /* FinderThingyTests.swift */ = {isa = PBXFileReference; lastKnownFileType = sourcecode.swift; path = FinderThingyTests.swift; sourceTree = "<group>"; };
		D3415B0F1F1B310900B9D4E7 /* Info.plist */ = {isa = PBXFileReference; lastKnownFileType = text.plist.xml; path = Info.plist; sourceTree = "<group>"; };
		D3415B141F1B310900B9D4E7 /* FinderThingyUITests.xctest */ = {isa = PBXFileReference; explicitFileType = wrapper.cfbundle; includeInIndex = 0; path = FinderThingyUITests.xctest; sourceTree = BUILT_PRODUCTS_DIR; };
		D3415B181F1B310900B9D4E7 /* FinderThingyUITests.swift */ = {isa = PBXFileReference; lastKnownFileType = sourcecode.swift; path = FinderThingyUITests.swift; sourceTree = "<group>"; };
		D3415B1A1F1B310900B9D4E7 /* Info.plist */ = {isa = PBXFileReference; lastKnownFileType = text.plist.xml; path = Info.plist; sourceTree = "<group>"; };
		D655557B706C9B832FF44E8A /* Pods-FinderThingyUITests.release.xcconfig */ = {isa = PBXFileReference; includeInIndex = 1; lastKnownFileType = text.xcconfig; name = "Pods-FinderThingyUITests.release.xcconfig"; path = "Pods/Target Support Files/Pods-FinderThingyUITests/Pods-FinderThingyUITests.release.xcconfig"; sourceTree = "<group>"; };
		D7F596EDFBEF0479762EF975 /* Pods_FinderThingyUITests.framework */ = {isa = PBXFileReference; explicitFileType = wrapper.framework; includeInIndex = 0; path = Pods_FinderThingyUITests.framework; sourceTree = BUILT_PRODUCTS_DIR; };
		E7EE8B29D9845930D644052D /* Pods_FinderThingyTests.framework */ = {isa = PBXFileReference; explicitFileType = wrapper.framework; includeInIndex = 0; path = Pods_FinderThingyTests.framework; sourceTree = BUILT_PRODUCTS_DIR; };
		EA58D4F2CB71E96EE1B4EB3D /* Pods_FinderThingy.framework */ = {isa = PBXFileReference; explicitFileType = wrapper.framework; includeInIndex = 0; path = Pods_FinderThingy.framework; sourceTree = BUILT_PRODUCTS_DIR; };
		F68D18588F1E6CD5A7597113 /* Pods-FinderThingy.release.xcconfig */ = {isa = PBXFileReference; includeInIndex = 1; lastKnownFileType = text.xcconfig; name = "Pods-FinderThingy.release.xcconfig"; path = "Pods/Target Support Files/Pods-FinderThingy/Pods-FinderThingy.release.xcconfig"; sourceTree = "<group>"; };
/* End PBXFileReference section */

/* Begin PBXFrameworksBuildPhase section */
		D3415AF21F1B310900B9D4E7 /* Frameworks */ = {
			isa = PBXFrameworksBuildPhase;
			buildActionMask = 2147483647;
			files = (
				ED8B1EDBDCF77CFDDEC46E02 /* Pods_FinderThingy.framework in Frameworks */,
			);
			runOnlyForDeploymentPostprocessing = 0;
		};
		D3415B061F1B310900B9D4E7 /* Frameworks */ = {
			isa = PBXFrameworksBuildPhase;
			buildActionMask = 2147483647;
			files = (
				D8B60884F0EEDDD670641373 /* Pods_FinderThingyTests.framework in Frameworks */,
			);
			runOnlyForDeploymentPostprocessing = 0;
		};
		D3415B111F1B310900B9D4E7 /* Frameworks */ = {
			isa = PBXFrameworksBuildPhase;
			buildActionMask = 2147483647;
			files = (
				EBD1F650F438C7056263E4EA /* Pods_FinderThingyUITests.framework in Frameworks */,
			);
			runOnlyForDeploymentPostprocessing = 0;
		};
/* End PBXFrameworksBuildPhase section */

/* Begin PBXGroup section */
		D3415AEC1F1B310900B9D4E7 = {
			isa = PBXGroup;
			children = (
				D3415AF71F1B310900B9D4E7 /* FinderThingy */,
				D3415B0C1F1B310900B9D4E7 /* FinderThingyTests */,
				D3415B171F1B310900B9D4E7 /* FinderThingyUITests */,
				D3415AF61F1B310900B9D4E7 /* Products */,
				EED88B5F27E852B790F015B2 /* Pods */,
				DA6FA360F163586D9F47F708 /* Frameworks */,
			);
			sourceTree = "<group>";
		};
		D3415AF61F1B310900B9D4E7 /* Products */ = {
			isa = PBXGroup;
			children = (
				D3415AF51F1B310900B9D4E7 /* FinderThingy.app */,
				D3415B091F1B310900B9D4E7 /* FinderThingyTests.xctest */,
				D3415B141F1B310900B9D4E7 /* FinderThingyUITests.xctest */,
			);
			name = Products;
			sourceTree = "<group>";
		};
		D3415AF71F1B310900B9D4E7 /* FinderThingy */ = {
			isa = PBXGroup;
			children = (
				D3415AF81F1B310900B9D4E7 /* AppDelegate.swift */,
				D3415AFA1F1B310900B9D4E7 /* ViewController.swift */,
				D3415AFC1F1B310900B9D4E7 /* Main.storyboard */,
				D3415AFF1F1B310900B9D4E7 /* Assets.xcassets */,
				D3415B011F1B310900B9D4E7 /* LaunchScreen.storyboard */,
				D3415B041F1B310900B9D4E7 /* Info.plist */,
			);
			path = FinderThingy;
			sourceTree = "<group>";
		};
		D3415B0C1F1B310900B9D4E7 /* FinderThingyTests */ = {
			isa = PBXGroup;
			children = (
				D3415B0D1F1B310900B9D4E7 /* FinderThingyTests.swift */,
				D3415B0F1F1B310900B9D4E7 /* Info.plist */,
			);
			path = FinderThingyTests;
			sourceTree = "<group>";
		};
		D3415B171F1B310900B9D4E7 /* FinderThingyUITests */ = {
			isa = PBXGroup;
			children = (
				D3415B181F1B310900B9D4E7 /* FinderThingyUITests.swift */,
				D3415B1A1F1B310900B9D4E7 /* Info.plist */,
			);
			path = FinderThingyUITests;
			sourceTree = "<group>";
		};
		DA6FA360F163586D9F47F708 /* Frameworks */ = {
			isa = PBXGroup;
			children = (
				EA58D4F2CB71E96EE1B4EB3D /* Pods_FinderThingy.framework */,
				E7EE8B29D9845930D644052D /* Pods_FinderThingyTests.framework */,
				D7F596EDFBEF0479762EF975 /* Pods_FinderThingyUITests.framework */,
			);
			name = Frameworks;
			sourceTree = "<group>";
		};
		EED88B5F27E852B790F015B2 /* Pods */ = {
			isa = PBXGroup;
			children = (
				75893072FFD2A27B8FADA604 /* Pods-FinderThingy.debug.xcconfig */,
				F68D18588F1E6CD5A7597113 /* Pods-FinderThingy.release.xcconfig */,
				15B2A9AF749DA7E25A00F45A /* Pods-FinderThingyTests.debug.xcconfig */,
				3577E8756ECE122574221549 /* Pods-FinderThingyTests.release.xcconfig */,
				BDB288F84F72308FEC2904B1 /* Pods-FinderThingyUITests.debug.xcconfig */,
				D655557B706C9B832FF44E8A /* Pods-FinderThingyUITests.release.xcconfig */,
			);
			name = Pods;
			sourceTree = "<group>";
		};
/* End PBXGroup section */

/* Begin PBXNativeTarget section */
		D3415AF41F1B310900B9D4E7 /* FinderThingy */ = {
			isa = PBXNativeTarget;
			buildConfigurationList = D3415B1D1F1B310900B9D4E7 /* Build configuration list for PBXNativeTarget "FinderThingy" */;
			buildPhases = (
				8F30F628A7ED2A033719AFEC /* [CP] Check Pods Manifest.lock */,
				D3415AF11F1B310900B9D4E7 /* Sources */,
				D3415AF21F1B310900B9D4E7 /* Frameworks */,
				D3415AF31F1B310900B9D4E7 /* Resources */,
				E6D1C92CA5F9934069AFA40D /* [CP] Embed Pods Frameworks */,
				08E93D5568FF241B475A3049 /* [CP] Copy Pods Resources */,
			);
			buildRules = (
			);
			dependencies = (
			);
			name = FinderThingy;
			productName = FinderThingy;
			productReference = D3415AF51F1B310900B9D4E7 /* FinderThingy.app */;
			productType = "com.apple.product-type.application";
		};
		D3415B081F1B310900B9D4E7 /* FinderThingyTests */ = {
			isa = PBXNativeTarget;
			buildConfigurationList = D3415B201F1B310900B9D4E7 /* Build configuration list for PBXNativeTarget "FinderThingyTests" */;
			buildPhases = (
				E74C4812BD215B23008D85FF /* [CP] Check Pods Manifest.lock */,
				D3415B051F1B310900B9D4E7 /* Sources */,
				D3415B061F1B310900B9D4E7 /* Frameworks */,
				D3415B071F1B310900B9D4E7 /* Resources */,
				8F453F9A7CA809F99745DF78 /* [CP] Embed Pods Frameworks */,
				1BBEA6ED5A9B5A308551484A /* [CP] Copy Pods Resources */,
			);
			buildRules = (
			);
			dependencies = (
				D3415B0B1F1B310900B9D4E7 /* PBXTargetDependency */,
			);
			name = FinderThingyTests;
			productName = FinderThingyTests;
			productReference = D3415B091F1B310900B9D4E7 /* FinderThingyTests.xctest */;
			productType = "com.apple.product-type.bundle.unit-test";
		};
		D3415B131F1B310900B9D4E7 /* FinderThingyUITests */ = {
			isa = PBXNativeTarget;
			buildConfigurationList = D3415B231F1B310900B9D4E7 /* Build configuration list for PBXNativeTarget "FinderThingyUITests" */;
			buildPhases = (
				C27C388A99D55E26E58B7C21 /* [CP] Check Pods Manifest.lock */,
				D3415B101F1B310900B9D4E7 /* Sources */,
				D3415B111F1B310900B9D4E7 /* Frameworks */,
				D3415B121F1B310900B9D4E7 /* Resources */,
				74A0B84D5099612185097035 /* [CP] Embed Pods Frameworks */,
				4FE9F2F5E10FD97C6EA109C0 /* [CP] Copy Pods Resources */,
			);
			buildRules = (
			);
			dependencies = (
				D3415B161F1B310900B9D4E7 /* PBXTargetDependency */,
			);
			name = FinderThingyUITests;
			productName = FinderThingyUITests;
			productReference = D3415B141F1B310900B9D4E7 /* FinderThingyUITests.xctest */;
			productType = "com.apple.product-type.bundle.ui-testing";
		};
/* End PBXNativeTarget section */

/* Begin PBXProject section */
		D3415AED1F1B310900B9D4E7 /* Project object */ = {
			isa = PBXProject;
			attributes = {
				LastSwiftUpdateCheck = 0830;
				LastUpgradeCheck = 0830;
				ORGANIZATIONNAME = "Sammy Alhashemi";
				TargetAttributes = {
					D3415AF41F1B310900B9D4E7 = {
						CreatedOnToolsVersion = 8.3.3;
						ProvisioningStyle = Automatic;
					};
					D3415B081F1B310900B9D4E7 = {
						CreatedOnToolsVersion = 8.3.3;
						ProvisioningStyle = Automatic;
						TestTargetID = D3415AF41F1B310900B9D4E7;
					};
					D3415B131F1B310900B9D4E7 = {
						CreatedOnToolsVersion = 8.3.3;
						ProvisioningStyle = Automatic;
						TestTargetID = D3415AF41F1B310900B9D4E7;
					};
				};
			};
			buildConfigurationList = D3415AF01F1B310900B9D4E7 /* Build configuration list for PBXProject "FinderThingy" */;
			compatibilityVersion = "Xcode 3.2";
			developmentRegion = English;
			hasScannedForEncodings = 0;
			knownRegions = (
				en,
				Base,
			);
			mainGroup = D3415AEC1F1B310900B9D4E7;
			productRefGroup = D3415AF61F1B310900B9D4E7 /* Products */;
			projectDirPath = "";
			projectRoot = "";
			targets = (
				D3415AF41F1B310900B9D4E7 /* FinderThingy */,
				D3415B081F1B310900B9D4E7 /* FinderThingyTests */,
				D3415B131F1B310900B9D4E7 /* FinderThingyUITests */,
			);
		};
/* End PBXProject section */

/* Begin PBXResourcesBuildPhase section */
		D3415AF31F1B310900B9D4E7 /* Resources */ = {
			isa = PBXResourcesBuildPhase;
			buildActionMask = 2147483647;
			files = (
				D3415B031F1B310900B9D4E7 /* LaunchScreen.storyboard in Resources */,
				D3415B001F1B310900B9D4E7 /* Assets.xcassets in Resources */,
				D3415AFE1F1B310900B9D4E7 /* Main.storyboard in Resources */,
			);
			runOnlyForDeploymentPostprocessing = 0;
		};
		D3415B071F1B310900B9D4E7 /* Resources */ = {
			isa = PBXResourcesBuildPhase;
			buildActionMask = 2147483647;
			files = (
			);
			runOnlyForDeploymentPostprocessing = 0;
		};
		D3415B121F1B310900B9D4E7 /* Resources */ = {
			isa = PBXResourcesBuildPhase;
			buildActionMask = 2147483647;
			files = (
			);
			runOnlyForDeploymentPostprocessing = 0;
		};
/* End PBXResourcesBuildPhase section */

/* Begin PBXShellScriptBuildPhase section */
		08E93D5568FF241B475A3049 /* [CP] Copy Pods Resources */ = {
			isa = PBXShellScriptBuildPhase;
			buildActionMask = 2147483647;
			files = (
			);
			inputPaths = (
			);
			name = "[CP] Copy Pods Resources";
			outputPaths = (
			);
			runOnlyForDeploymentPostprocessing = 0;
			shellPath = /bin/sh;
			shellScript = "\"${SRCROOT}/Pods/Target Support Files/Pods-FinderThingy/Pods-FinderThingy-resources.sh\"\n";
			showEnvVarsInLog = 0;
		};
		1BBEA6ED5A9B5A308551484A /* [CP] Copy Pods Resources */ = {
			isa = PBXShellScriptBuildPhase;
			buildActionMask = 2147483647;
			files = (
			);
			inputPaths = (
			);
			name = "[CP] Copy Pods Resources";
			outputPaths = (
			);
			runOnlyForDeploymentPostprocessing = 0;
			shellPath = /bin/sh;
			shellScript = "\"${SRCROOT}/Pods/Target Support Files/Pods-FinderThingyTests/Pods-FinderThingyTests-resources.sh\"\n";
			showEnvVarsInLog = 0;
		};
		4FE9F2F5E10FD97C6EA109C0 /* [CP] Copy Pods Resources */ = {
			isa = PBXShellScriptBuildPhase;
			buildActionMask = 2147483647;
			files = (
			);
			inputPaths = (
			);
			name = "[CP] Copy Pods Resources";
			outputPaths = (
			);
			runOnlyForDeploymentPostprocessing = 0;
			shellPath = /bin/sh;
			shellScript = "\"${SRCROOT}/Pods/Target Support Files/Pods-FinderThingyUITests/Pods-FinderThingyUITests-resources.sh\"\n";
			showEnvVarsInLog = 0;
		};
		74A0B84D5099612185097035 /* [CP] Embed Pods Frameworks */ = {
			isa = PBXShellScriptBuildPhase;
			buildActionMask = 2147483647;
			files = (
			);
			inputPaths = (
			);
			name = "[CP] Embed Pods Frameworks";
			outputPaths = (
			);
			runOnlyForDeploymentPostprocessing = 0;
			shellPath = /bin/sh;
			shellScript = "\"${SRCROOT}/Pods/Target Support Files/Pods-FinderThingyUITests/Pods-FinderThingyUITests-frameworks.sh\"\n";
			showEnvVarsInLog = 0;
		};
		8F30F628A7ED2A033719AFEC /* [CP] Check Pods Manifest.lock */ = {
			isa = PBXShellScriptBuildPhase;
			buildActionMask = 2147483647;
			files = (
			);
			inputPaths = (
			);
			name = "[CP] Check Pods Manifest.lock";
			outputPaths = (
			);
			runOnlyForDeploymentPostprocessing = 0;
			shellPath = /bin/sh;
			shellScript = "diff \"${PODS_PODFILE_DIR_PATH}/Podfile.lock\" \"${PODS_ROOT}/Manifest.lock\" > /dev/null\nif [ $? != 0 ] ; then\n    # print error to STDERR\n    echo \"error: The sandbox is not in sync with the Podfile.lock. Run 'pod install' or update your CocoaPods installation.\" >&2\n    exit 1\nfi\n";
			showEnvVarsInLog = 0;
		};
		8F453F9A7CA809F99745DF78 /* [CP] Embed Pods Frameworks */ = {
			isa = PBXShellScriptBuildPhase;
			buildActionMask = 2147483647;
			files = (
			);
			inputPaths = (
			);
			name = "[CP] Embed Pods Frameworks";
			outputPaths = (
			);
			runOnlyForDeploymentPostprocessing = 0;
			shellPath = /bin/sh;
			shellScript = "\"${SRCROOT}/Pods/Target Support Files/Pods-FinderThingyTests/Pods-FinderThingyTests-frameworks.sh\"\n";
			showEnvVarsInLog = 0;
		};
		C27C388A99D55E26E58B7C21 /* [CP] Check Pods Manifest.lock */ = {
			isa = PBXShellScriptBuildPhase;
			buildActionMask = 2147483647;
			files = (
			);
			inputPaths = (
			);
			name = "[CP] Check Pods Manifest.lock";
			outputPaths = (
			);
			runOnlyForDeploymentPostprocessing = 0;
			shellPath = /bin/sh;
			shellScript = "diff \"${PODS_PODFILE_DIR_PATH}/Podfile.lock\" \"${PODS_ROOT}/Manifest.lock\" > /dev/null\nif [ $? != 0 ] ; then\n    # print error to STDERR\n    echo \"error: The sandbox is not in sync with the Podfile.lock. Run 'pod install' or update your CocoaPods installation.\" >&2\n    exit 1\nfi\n";
			showEnvVarsInLog = 0;
		};
		E6D1C92CA5F9934069AFA40D /* [CP] Embed Pods Frameworks */ = {
			isa = PBXShellScriptBuildPhase;
			buildActionMask = 2147483647;
			files = (
			);
			inputPaths = (
			);
			name = "[CP] Embed Pods Frameworks";
			outputPaths = (
			);
			runOnlyForDeploymentPostprocessing = 0;
			shellPath = /bin/sh;
			shellScript = "\"${SRCROOT}/Pods/Target Support Files/Pods-FinderThingy/Pods-FinderThingy-frameworks.sh\"\n";
			showEnvVarsInLog = 0;
		};
		E74C4812BD215B23008D85FF /* [CP] Check Pods Manifest.lock */ = {
			isa = PBXShellScriptBuildPhase;
			buildActionMask = 2147483647;
			files = (
			);
			inputPaths = (
			);
			name = "[CP] Check Pods Manifest.lock";
			outputPaths = (
			);
			runOnlyForDeploymentPostprocessing = 0;
			shellPath = /bin/sh;
			shellScript = "diff \"${PODS_PODFILE_DIR_PATH}/Podfile.lock\" \"${PODS_ROOT}/Manifest.lock\" > /dev/null\nif [ $? != 0 ] ; then\n    # print error to STDERR\n    echo \"error: The sandbox is not in sync with the Podfile.lock. Run 'pod install' or update your CocoaPods installation.\" >&2\n    exit 1\nfi\n";
			showEnvVarsInLog = 0;
		};
/* End PBXShellScriptBuildPhase section */

/* Begin PBXSourcesBuildPhase section */
		D3415AF11F1B310900B9D4E7 /* Sources */ = {
			isa = PBXSourcesBuildPhase;
			buildActionMask = 2147483647;
			files = (
				D3415AFB1F1B310900B9D4E7 /* ViewController.swift in Sources */,
				D3415AF91F1B310900B9D4E7 /* AppDelegate.swift in Sources */,
			);
			runOnlyForDeploymentPostprocessing = 0;
		};
		D3415B051F1B310900B9D4E7 /* Sources */ = {
			isa = PBXSourcesBuildPhase;
			buildActionMask = 2147483647;
			files = (
				D3415B0E1F1B310900B9D4E7 /* FinderThingyTests.swift in Sources */,
			);
			runOnlyForDeploymentPostprocessing = 0;
		};
		D3415B101F1B310900B9D4E7 /* Sources */ = {
			isa = PBXSourcesBuildPhase;
			buildActionMask = 2147483647;
			files = (
				D3415B191F1B310900B9D4E7 /* FinderThingyUITests.swift in Sources */,
			);
			runOnlyForDeploymentPostprocessing = 0;
		};
/* End PBXSourcesBuildPhase section */

/* Begin PBXTargetDependency section */
		D3415B0B1F1B310900B9D4E7 /* PBXTargetDependency */ = {
			isa = PBXTargetDependency;
			target = D3415AF41F1B310900B9D4E7 /* FinderThingy */;
			targetProxy = D3415B0A1F1B310900B9D4E7 /* PBXContainerItemProxy */;
		};
		D3415B161F1B310900B9D4E7 /* PBXTargetDependency */ = {
			isa = PBXTargetDependency;
			target = D3415AF41F1B310900B9D4E7 /* FinderThingy */;
			targetProxy = D3415B151F1B310900B9D4E7 /* PBXContainerItemProxy */;
		};
/* End PBXTargetDependency section */

/* Begin PBXVariantGroup section */
		D3415AFC1F1B310900B9D4E7 /* Main.storyboard */ = {
			isa = PBXVariantGroup;
			children = (
				D3415AFD1F1B310900B9D4E7 /* Base */,
			);
			name = Main.storyboard;
			sourceTree = "<group>";
		};
		D3415B011F1B310900B9D4E7 /* LaunchScreen.storyboard */ = {
			isa = PBXVariantGroup;
			children = (
				D3415B021F1B310900B9D4E7 /* Base */,
			);
			name = LaunchScreen.storyboard;
			sourceTree = "<group>";
		};
/* End PBXVariantGroup section */

/* Begin XCBuildConfiguration section */
		D3415B1B1F1B310900B9D4E7 /* Debug */ = {
			isa = XCBuildConfiguration;
			buildSettings = {
				ALWAYS_SEARCH_USER_PATHS = NO;
				CLANG_ANALYZER_NONNULL = YES;
				CLANG_ANALYZER_NUMBER_OBJECT_CONVERSION = YES_AGGRESSIVE;
				CLANG_CXX_LANGUAGE_STANDARD = "gnu++0x";
				CLANG_CXX_LIBRARY = "libc++";
				CLANG_ENABLE_MODULES = YES;
				CLANG_ENABLE_OBJC_ARC = YES;
				CLANG_WARN_BOOL_CONVERSION = YES;
				CLANG_WARN_CONSTANT_CONVERSION = YES;
				CLANG_WARN_DIRECT_OBJC_ISA_USAGE = YES_ERROR;
				CLANG_WARN_DOCUMENTATION_COMMENTS = YES;
				CLANG_WARN_EMPTY_BODY = YES;
				CLANG_WARN_ENUM_CONVERSION = YES;
				CLANG_WARN_INFINITE_RECURSION = YES;
				CLANG_WARN_INT_CONVERSION = YES;
				CLANG_WARN_OBJC_ROOT_CLASS = YES_ERROR;
				CLANG_WARN_SUSPICIOUS_MOVE = YES;
				CLANG_WARN_UNREACHABLE_CODE = YES;
				CLANG_WARN__DUPLICATE_METHOD_MATCH = YES;
				"CODE_SIGN_IDENTITY[sdk=iphoneos*]" = "iPhone Developer";
				COPY_PHASE_STRIP = NO;
				DEBUG_INFORMATION_FORMAT = dwarf;
				ENABLE_STRICT_OBJC_MSGSEND = YES;
				ENABLE_TESTABILITY = YES;
				GCC_C_LANGUAGE_STANDARD = gnu99;
				GCC_DYNAMIC_NO_PIC = NO;
				GCC_NO_COMMON_BLOCKS = YES;
				GCC_OPTIMIZATION_LEVEL = 0;
				GCC_PREPROCESSOR_DEFINITIONS = (
					"DEBUG=1",
					"$(inherited)",
				);
				GCC_WARN_64_TO_32_BIT_CONVERSION = YES;
				GCC_WARN_ABOUT_RETURN_TYPE = YES_ERROR;
				GCC_WARN_UNDECLARED_SELECTOR = YES;
				GCC_WARN_UNINITIALIZED_AUTOS = YES_AGGRESSIVE;
				GCC_WARN_UNUSED_FUNCTION = YES;
				GCC_WARN_UNUSED_VARIABLE = YES;
				IPHONEOS_DEPLOYMENT_TARGET = 10.3;
				MTL_ENABLE_DEBUG_INFO = YES;
				ONLY_ACTIVE_ARCH = YES;
				SDKROOT = iphoneos;
				SWIFT_ACTIVE_COMPILATION_CONDITIONS = DEBUG;
				SWIFT_OPTIMIZATION_LEVEL = "-Onone";
			};
			name = Debug;
		};
		D3415B1C1F1B310900B9D4E7 /* Release */ = {
			isa = XCBuildConfiguration;
			buildSettings = {
				ALWAYS_SEARCH_USER_PATHS = NO;
				CLANG_ANALYZER_NONNULL = YES;
				CLANG_ANALYZER_NUMBER_OBJECT_CONVERSION = YES_AGGRESSIVE;
				CLANG_CXX_LANGUAGE_STANDARD = "gnu++0x";
				CLANG_CXX_LIBRARY = "libc++";
				CLANG_ENABLE_MODULES = YES;
				CLANG_ENABLE_OBJC_ARC = YES;
				CLANG_WARN_BOOL_CONVERSION = YES;
				CLANG_WARN_CONSTANT_CONVERSION = YES;
				CLANG_WARN_DIRECT_OBJC_ISA_USAGE = YES_ERROR;
				CLANG_WARN_DOCUMENTATION_COMMENTS = YES;
				CLANG_WARN_EMPTY_BODY = YES;
				CLANG_WARN_ENUM_CONVERSION = YES;
				CLANG_WARN_INFINITE_RECURSION = YES;
				CLANG_WARN_INT_CONVERSION = YES;
				CLANG_WARN_OBJC_ROOT_CLASS = YES_ERROR;
				CLANG_WARN_SUSPICIOUS_MOVE = YES;
				CLANG_WARN_UNREACHABLE_CODE = YES;
				CLANG_WARN__DUPLICATE_METHOD_MATCH = YES;
				"CODE_SIGN_IDENTITY[sdk=iphoneos*]" = "iPhone Developer";
				COPY_PHASE_STRIP = NO;
				DEBUG_INFORMATION_FORMAT = "dwarf-with-dsym";
				ENABLE_NS_ASSERTIONS = NO;
				ENABLE_STRICT_OBJC_MSGSEND = YES;
				GCC_C_LANGUAGE_STANDARD = gnu99;
				GCC_NO_COMMON_BLOCKS = YES;
				GCC_WARN_64_TO_32_BIT_CONVERSION = YES;
				GCC_WARN_ABOUT_RETURN_TYPE = YES_ERROR;
				GCC_WARN_UNDECLARED_SELECTOR = YES;
				GCC_WARN_UNINITIALIZED_AUTOS = YES_AGGRESSIVE;
				GCC_WARN_UNUSED_FUNCTION = YES;
				GCC_WARN_UNUSED_VARIABLE = YES;
				IPHONEOS_DEPLOYMENT_TARGET = 10.3;
				MTL_ENABLE_DEBUG_INFO = NO;
				SDKROOT = iphoneos;
				SWIFT_OPTIMIZATION_LEVEL = "-Owholemodule";
				VALIDATE_PRODUCT = YES;
			};
			name = Release;
		};
		D3415B1E1F1B310900B9D4E7 /* Debug */ = {
			isa = XCBuildConfiguration;
			baseConfigurationReference = 75893072FFD2A27B8FADA604 /* Pods-FinderThingy.debug.xcconfig */;
			buildSettings = {
				ASSETCATALOG_COMPILER_APPICON_NAME = AppIcon;
				INFOPLIST_FILE = FinderThingy/Info.plist;
				LD_RUNPATH_SEARCH_PATHS = "$(inherited) @executable_path/Frameworks";
				PRODUCT_BUNDLE_IDENTIFIER = Me.FinderThingy;
				PRODUCT_NAME = "$(TARGET_NAME)";
				SWIFT_VERSION = 3.0;
			};
			name = Debug;
		};
		D3415B1F1F1B310900B9D4E7 /* Release */ = {
			isa = XCBuildConfiguration;
			baseConfigurationReference = F68D18588F1E6CD5A7597113 /* Pods-FinderThingy.release.xcconfig */;
			buildSettings = {
				ASSETCATALOG_COMPILER_APPICON_NAME = AppIcon;
				INFOPLIST_FILE = FinderThingy/Info.plist;
				LD_RUNPATH_SEARCH_PATHS = "$(inherited) @executable_path/Frameworks";
				PRODUCT_BUNDLE_IDENTIFIER = Me.FinderThingy;
				PRODUCT_NAME = "$(TARGET_NAME)";
				SWIFT_VERSION = 3.0;
			};
			name = Release;
		};
		D3415B211F1B310900B9D4E7 /* Debug */ = {
			isa = XCBuildConfiguration;
			baseConfigurationReference = 15B2A9AF749DA7E25A00F45A /* Pods-FinderThingyTests.debug.xcconfig */;
			buildSettings = {
				ALWAYS_EMBED_SWIFT_STANDARD_LIBRARIES = YES;
				BUNDLE_LOADER = "$(TEST_HOST)";
				INFOPLIST_FILE = FinderThingyTests/Info.plist;
				LD_RUNPATH_SEARCH_PATHS = "$(inherited) @executable_path/Frameworks @loader_path/Frameworks";
				PRODUCT_BUNDLE_IDENTIFIER = Me.FinderThingyTests;
				PRODUCT_NAME = "$(TARGET_NAME)";
				SWIFT_VERSION = 3.0;
				TEST_HOST = "$(BUILT_PRODUCTS_DIR)/FinderThingy.app/FinderThingy";
			};
			name = Debug;
		};
		D3415B221F1B310900B9D4E7 /* Release */ = {
			isa = XCBuildConfiguration;
			baseConfigurationReference = 3577E8756ECE122574221549 /* Pods-FinderThingyTests.release.xcconfig */;
			buildSettings = {
				ALWAYS_EMBED_SWIFT_STANDARD_LIBRARIES = YES;
				BUNDLE_LOADER = "$(TEST_HOST)";
				INFOPLIST_FILE = FinderThingyTests/Info.plist;
				LD_RUNPATH_SEARCH_PATHS = "$(inherited) @executable_path/Frameworks @loader_path/Frameworks";
				PRODUCT_BUNDLE_IDENTIFIER = Me.FinderThingyTests;
				PRODUCT_NAME = "$(TARGET_NAME)";
				SWIFT_VERSION = 3.0;
				TEST_HOST = "$(BUILT_PRODUCTS_DIR)/FinderThingy.app/FinderThingy";
			};
			name = Release;
		};
		D3415B241F1B310900B9D4E7 /* Debug */ = {
			isa = XCBuildConfiguration;
			baseConfigurationReference = BDB288F84F72308FEC2904B1 /* Pods-FinderThingyUITests.debug.xcconfig */;
			buildSettings = {
				ALWAYS_EMBED_SWIFT_STANDARD_LIBRARIES = YES;
				INFOPLIST_FILE = FinderThingyUITests/Info.plist;
				LD_RUNPATH_SEARCH_PATHS = "$(inherited) @executable_path/Frameworks @loader_path/Frameworks";
				PRODUCT_BUNDLE_IDENTIFIER = Me.FinderThingyUITests;
				PRODUCT_NAME = "$(TARGET_NAME)";
				SWIFT_VERSION = 3.0;
				TEST_TARGET_NAME = FinderThingy;
			};
			name = Debug;
		};
		D3415B251F1B310900B9D4E7 /* Release */ = {
			isa = XCBuildConfiguration;
			baseConfigurationReference = D655557B706C9B832FF44E8A /* Pods-FinderThingyUITests.release.xcconfig */;
			buildSettings = {
				ALWAYS_EMBED_SWIFT_STANDARD_LIBRARIES = YES;
				INFOPLIST_FILE = FinderThingyUITests/Info.plist;
				LD_RUNPATH_SEARCH_PATHS = "$(inherited) @executable_path/Frameworks @loader_path/Frameworks";
				PRODUCT_BUNDLE_IDENTIFIER = Me.FinderThingyUITests;
				PRODUCT_NAME = "$(TARGET_NAME)";
				SWIFT_VERSION = 3.0;
				TEST_TARGET_NAME = FinderThingy;
			};
			name = Release;
		};
/* End XCBuildConfiguration section */

/* Begin XCConfigurationList section */
		D3415AF01F1B310900B9D4E7 /* Build configuration list for PBXProject "FinderThingy" */ = {
			isa = XCConfigurationList;
			buildConfigurations = (
				D3415B1B1F1B310900B9D4E7 /* Debug */,
				D3415B1C1F1B310900B9D4E7 /* Release */,
			);
			defaultConfigurationIsVisible = 0;
			defaultConfigurationName = Release;
		};
		D3415B1D1F1B310900B9D4E7 /* Build configuration list for PBXNativeTarget "FinderThingy" */ = {
			isa = XCConfigurationList;
			buildConfigurations = (
				D3415B1E1F1B310900B9D4E7 /* Debug */,
				D3415B1F1F1B310900B9D4E7 /* Release */,
			);
			defaultConfigurationIsVisible = 0;
		};
		D3415B201F1B310900B9D4E7 /* Build configuration list for PBXNativeTarget "FinderThingyTests" */ = {
			isa = XCConfigurationList;
			buildConfigurations = (
				D3415B211F1B310900B9D4E7 /* Debug */,
				D3415B221F1B310900B9D4E7 /* Release */,
			);
			defaultConfigurationIsVisible = 0;
		};
		D3415B231F1B310900B9D4E7 /* Build configuration list for PBXNativeTarget "FinderThingyUITests" */ = {
			isa = XCConfigurationList;
			buildConfigurations = (
				D3415B241F1B310900B9D4E7 /* Debug */,
				D3415B251F1B310900B9D4E7 /* Release */,
			);
			defaultConfigurationIsVisible = 0;
		};
/* End XCConfigurationList section */
	};
	rootObject = D3415AED1F1B310900B9D4E7 /* Project object */;
}
